// !$*UTF8*$!
{
	archiveVersion = 1;
	classes = {
	};
	objectVersion = 50;
	objects = {

/* Begin PBXBuildFile section */
		D06E6E0C255E894300FAD37C /* AppDelegate.swift in Sources */ = {isa = PBXBuildFile; fileRef = D06E6E0B255E894300FAD37C /* AppDelegate.swift */; };
		D06E6E0E255E894300FAD37C /* art.scnassets in Resources */ = {isa = PBXBuildFile; fileRef = D06E6E0D255E894300FAD37C /* art.scnassets */; };
		D06E6E10255E894300FAD37C /* ViewController.swift in Sources */ = {isa = PBXBuildFile; fileRef = D06E6E0F255E894300FAD37C /* ViewController.swift */; };
		D06E6E13255E894300FAD37C /* Main.storyboard in Resources */ = {isa = PBXBuildFile; fileRef = D06E6E11255E894300FAD37C /* Main.storyboard */; };
		D06E6E15255E894400FAD37C /* Assets.xcassets in Resources */ = {isa = PBXBuildFile; fileRef = D06E6E14255E894400FAD37C /* Assets.xcassets */; };
		D06E6E18255E894400FAD37C /* LaunchScreen.storyboard in Resources */ = {isa = PBXBuildFile; fileRef = D06E6E16255E894400FAD37C /* LaunchScreen.storyboard */; };
		D06E6E23255E894400FAD37C /* RangeFinder_SwiftTests.swift in Sources */ = {isa = PBXBuildFile; fileRef = D06E6E22255E894400FAD37C /* RangeFinder_SwiftTests.swift */; };
		D06E6E2E255E894400FAD37C /* RangeFinder_SwiftUITests.swift in Sources */ = {isa = PBXBuildFile; fileRef = D06E6E2D255E894400FAD37C /* RangeFinder_SwiftUITests.swift */; };
/* End PBXBuildFile section */

/* Begin PBXContainerItemProxy section */
		D06E6E1F255E894400FAD37C /* PBXContainerItemProxy */ = {
			isa = PBXContainerItemProxy;
			containerPortal = D06E6E00255E894300FAD37C /* Project object */;
			proxyType = 1;
			remoteGlobalIDString = D06E6E07255E894300FAD37C;
			remoteInfo = RangeFinder_Swift;
		};
		D06E6E2A255E894400FAD37C /* PBXContainerItemProxy */ = {
			isa = PBXContainerItemProxy;
			containerPortal = D06E6E00255E894300FAD37C /* Project object */;
			proxyType = 1;
			remoteGlobalIDString = D06E6E07255E894300FAD37C;
			remoteInfo = RangeFinder_Swift;
		};
/* End PBXContainerItemProxy section */

/* Begin PBXFileReference section */
		D06E6E08255E894300FAD37C /* RangeFinder_Swift.app */ = {isa = PBXFileReference; explicitFileType = wrapper.application; includeInIndex = 0; path = RangeFinder_Swift.app; sourceTree = BUILT_PRODUCTS_DIR; };
		D06E6E0B255E894300FAD37C /* AppDelegate.swift */ = {isa = PBXFileReference; lastKnownFileType = sourcecode.swift; path = AppDelegate.swift; sourceTree = "<group>"; };
		D06E6E0D255E894300FAD37C /* art.scnassets */ = {isa = PBXFileReference; lastKnownFileType = wrapper.scnassets; path = art.scnassets; sourceTree = "<group>"; };
		D06E6E0F255E894300FAD37C /* ViewController.swift */ = {isa = PBXFileReference; lastKnownFileType = sourcecode.swift; path = ViewController.swift; sourceTree = "<group>"; };
		D06E6E12255E894300FAD37C /* Base */ = {isa = PBXFileReference; lastKnownFileType = file.storyboard; name = Base; path = Base.lproj/Main.storyboard; sourceTree = "<group>"; };
		D06E6E14255E894400FAD37C /* Assets.xcassets */ = {isa = PBXFileReference; lastKnownFileType = folder.assetcatalog; path = Assets.xcassets; sourceTree = "<group>"; };
		D06E6E17255E894400FAD37C /* Base */ = {isa = PBXFileReference; lastKnownFileType = file.storyboard; name = Base; path = Base.lproj/LaunchScreen.storyboard; sourceTree = "<group>"; };
		D06E6E19255E894400FAD37C /* Info.plist */ = {isa = PBXFileReference; lastKnownFileType = text.plist.xml; path = Info.plist; sourceTree = "<group>"; };
		D06E6E1E255E894400FAD37C /* RangeFinder_SwiftTests.xctest */ = {isa = PBXFileReference; explicitFileType = wrapper.cfbundle; includeInIndex = 0; path = RangeFinder_SwiftTests.xctest; sourceTree = BUILT_PRODUCTS_DIR; };
		D06E6E22255E894400FAD37C /* RangeFinder_SwiftTests.swift */ = {isa = PBXFileReference; lastKnownFileType = sourcecode.swift; path = RangeFinder_SwiftTests.swift; sourceTree = "<group>"; };
		D06E6E24255E894400FAD37C /* Info.plist */ = {isa = PBXFileReference; lastKnownFileType = text.plist.xml; path = Info.plist; sourceTree = "<group>"; };
		D06E6E29255E894400FAD37C /* RangeFinder_SwiftUITests.xctest */ = {isa = PBXFileReference; explicitFileType = wrapper.cfbundle; includeInIndex = 0; path = RangeFinder_SwiftUITests.xctest; sourceTree = BUILT_PRODUCTS_DIR; };
		D06E6E2D255E894400FAD37C /* RangeFinder_SwiftUITests.swift */ = {isa = PBXFileReference; lastKnownFileType = sourcecode.swift; path = RangeFinder_SwiftUITests.swift; sourceTree = "<group>"; };
		D06E6E2F255E894400FAD37C /* Info.plist */ = {isa = PBXFileReference; lastKnownFileType = text.plist.xml; path = Info.plist; sourceTree = "<group>"; };
/* End PBXFileReference section */

/* Begin PBXFrameworksBuildPhase section */
		D06E6E05255E894300FAD37C /* Frameworks */ = {
			isa = PBXFrameworksBuildPhase;
			buildActionMask = 2147483647;
			files = (
			);
			runOnlyForDeploymentPostprocessing = 0;
		};
		D06E6E1B255E894400FAD37C /* Frameworks */ = {
			isa = PBXFrameworksBuildPhase;
			buildActionMask = 2147483647;
			files = (
			);
			runOnlyForDeploymentPostprocessing = 0;
		};
		D06E6E26255E894400FAD37C /* Frameworks */ = {
			isa = PBXFrameworksBuildPhase;
			buildActionMask = 2147483647;
			files = (
			);
			runOnlyForDeploymentPostprocessing = 0;
		};
/* End PBXFrameworksBuildPhase section */

/* Begin PBXGroup section */
		D06E6DFF255E894300FAD37C = {
			isa = PBXGroup;
			children = (
				D06E6E0A255E894300FAD37C /* RangeFinder_Swift */,
				D06E6E21255E894400FAD37C /* RangeFinder_SwiftTests */,
				D06E6E2C255E894400FAD37C /* RangeFinder_SwiftUITests */,
				D06E6E09255E894300FAD37C /* Products */,
			);
			sourceTree = "<group>";
		};
		D06E6E09255E894300FAD37C /* Products */ = {
			isa = PBXGroup;
			children = (
				D06E6E08255E894300FAD37C /* RangeFinder_Swift.app */,
				D06E6E1E255E894400FAD37C /* RangeFinder_SwiftTests.xctest */,
				D06E6E29255E894400FAD37C /* RangeFinder_SwiftUITests.xctest */,
			);
			name = Products;
			sourceTree = "<group>";
		};
		D06E6E0A255E894300FAD37C /* RangeFinder_Swift */ = {
			isa = PBXGroup;
			children = (
				D06E6E0B255E894300FAD37C /* AppDelegate.swift */,
				D06E6E0D255E894300FAD37C /* art.scnassets */,
				D06E6E0F255E894300FAD37C /* ViewController.swift */,
				D06E6E11255E894300FAD37C /* Main.storyboard */,
				D06E6E14255E894400FAD37C /* Assets.xcassets */,
				D06E6E16255E894400FAD37C /* LaunchScreen.storyboard */,
				D06E6E19255E894400FAD37C /* Info.plist */,
			);
			path = RangeFinder_Swift;
			sourceTree = "<group>";
		};
		D06E6E21255E894400FAD37C /* RangeFinder_SwiftTests */ = {
			isa = PBXGroup;
			children = (
				D06E6E22255E894400FAD37C /* RangeFinder_SwiftTests.swift */,
				D06E6E24255E894400FAD37C /* Info.plist */,
			);
			path = RangeFinder_SwiftTests;
			sourceTree = "<group>";
		};
		D06E6E2C255E894400FAD37C /* RangeFinder_SwiftUITests */ = {
			isa = PBXGroup;
			children = (
				D06E6E2D255E894400FAD37C /* RangeFinder_SwiftUITests.swift */,
				D06E6E2F255E894400FAD37C /* Info.plist */,
			);
			path = RangeFinder_SwiftUITests;
			sourceTree = "<group>";
		};
/* End PBXGroup section */

/* Begin PBXNativeTarget section */
		D06E6E07255E894300FAD37C /* RangeFinder_Swift */ = {
			isa = PBXNativeTarget;
			buildConfigurationList = D06E6E32255E894400FAD37C /* Build configuration list for PBXNativeTarget "RangeFinder_Swift" */;
			buildPhases = (
				D06E6E04255E894300FAD37C /* Sources */,
				D06E6E05255E894300FAD37C /* Frameworks */,
				D06E6E06255E894300FAD37C /* Resources */,
			);
			buildRules = (
			);
			dependencies = (
			);
			name = RangeFinder_Swift;
			productName = RangeFinder_Swift;
			productReference = D06E6E08255E894300FAD37C /* RangeFinder_Swift.app */;
			productType = "com.apple.product-type.application";
		};
		D06E6E1D255E894400FAD37C /* RangeFinder_SwiftTests */ = {
			isa = PBXNativeTarget;
			buildConfigurationList = D06E6E35255E894400FAD37C /* Build configuration list for PBXNativeTarget "RangeFinder_SwiftTests" */;
			buildPhases = (
				D06E6E1A255E894400FAD37C /* Sources */,
				D06E6E1B255E894400FAD37C /* Frameworks */,
				D06E6E1C255E894400FAD37C /* Resources */,
			);
			buildRules = (
			);
			dependencies = (
				D06E6E20255E894400FAD37C /* PBXTargetDependency */,
			);
			name = RangeFinder_SwiftTests;
			productName = RangeFinder_SwiftTests;
			productReference = D06E6E1E255E894400FAD37C /* RangeFinder_SwiftTests.xctest */;
			productType = "com.apple.product-type.bundle.unit-test";
		};
		D06E6E28255E894400FAD37C /* RangeFinder_SwiftUITests */ = {
			isa = PBXNativeTarget;
			buildConfigurationList = D06E6E38255E894400FAD37C /* Build configuration list for PBXNativeTarget "RangeFinder_SwiftUITests" */;
			buildPhases = (
				D06E6E25255E894400FAD37C /* Sources */,
				D06E6E26255E894400FAD37C /* Frameworks */,
				D06E6E27255E894400FAD37C /* Resources */,
			);
			buildRules = (
			);
			dependencies = (
				D06E6E2B255E894400FAD37C /* PBXTargetDependency */,
			);
			name = RangeFinder_SwiftUITests;
			productName = RangeFinder_SwiftUITests;
			productReference = D06E6E29255E894400FAD37C /* RangeFinder_SwiftUITests.xctest */;
			productType = "com.apple.product-type.bundle.ui-testing";
		};
/* End PBXNativeTarget section */

/* Begin PBXProject section */
		D06E6E00255E894300FAD37C /* Project object */ = {
			isa = PBXProject;
			attributes = {
				LastSwiftUpdateCheck = 1210;
				LastUpgradeCheck = 1210;
				TargetAttributes = {
					D06E6E07255E894300FAD37C = {
						CreatedOnToolsVersion = 12.1;
					};
					D06E6E1D255E894400FAD37C = {
						CreatedOnToolsVersion = 12.1;
						TestTargetID = D06E6E07255E894300FAD37C;
					};
					D06E6E28255E894400FAD37C = {
						CreatedOnToolsVersion = 12.1;
						TestTargetID = D06E6E07255E894300FAD37C;
					};
				};
			};
			buildConfigurationList = D06E6E03255E894300FAD37C /* Build configuration list for PBXProject "RangeFinder_Swift" */;
			compatibilityVersion = "Xcode 9.3";
			developmentRegion = en;
			hasScannedForEncodings = 0;
			knownRegions = (
				en,
				Base,
			);
			mainGroup = D06E6DFF255E894300FAD37C;
			productRefGroup = D06E6E09255E894300FAD37C /* Products */;
			projectDirPath = "";
			projectRoot = "";
			targets = (
				D06E6E07255E894300FAD37C /* RangeFinder_Swift */,
				D06E6E1D255E894400FAD37C /* RangeFinder_SwiftTests */,
				D06E6E28255E894400FAD37C /* RangeFinder_SwiftUITests */,
			);
		};
/* End PBXProject section */

/* Begin PBXResourcesBuildPhase section */
		D06E6E06255E894300FAD37C /* Resources */ = {
			isa = PBXResourcesBuildPhase;
			buildActionMask = 2147483647;
			files = (
				D06E6E0E255E894300FAD37C /* art.scnassets in Resources */,
				D06E6E18255E894400FAD37C /* LaunchScreen.storyboard in Resources */,
				D06E6E15255E894400FAD37C /* Assets.xcassets in Resources */,
				D06E6E13255E894300FAD37C /* Main.storyboard in Resources */,
			);
			runOnlyForDeploymentPostprocessing = 0;
		};
		D06E6E1C255E894400FAD37C /* Resources */ = {
			isa = PBXResourcesBuildPhase;
			buildActionMask = 2147483647;
			files = (
			);
			runOnlyForDeploymentPostprocessing = 0;
		};
		D06E6E27255E894400FAD37C /* Resources */ = {
			isa = PBXResourcesBuildPhase;
			buildActionMask = 2147483647;
			files = (
			);
			runOnlyForDeploymentPostprocessing = 0;
		};
/* End PBXResourcesBuildPhase section */

/* Begin PBXSourcesBuildPhase section */
		D06E6E04255E894300FAD37C /* Sources */ = {
			isa = PBXSourcesBuildPhase;
			buildActionMask = 2147483647;
			files = (
				D06E6E10255E894300FAD37C /* ViewController.swift in Sources */,
				D06E6E0C255E894300FAD37C /* AppDelegate.swift in Sources */,
			);
			runOnlyForDeploymentPostprocessing = 0;
		};
		D06E6E1A255E894400FAD37C /* Sources */ = {
			isa = PBXSourcesBuildPhase;
			buildActionMask = 2147483647;
			files = (
				D06E6E23255E894400FAD37C /* RangeFinder_SwiftTests.swift in Sources */,
			);
			runOnlyForDeploymentPostprocessing = 0;
		};
		D06E6E25255E894400FAD37C /* Sources */ = {
			isa = PBXSourcesBuildPhase;
			buildActionMask = 2147483647;
			files = (
				D06E6E2E255E894400FAD37C /* RangeFinder_SwiftUITests.swift in Sources */,
			);
			runOnlyForDeploymentPostprocessing = 0;
		};
/* End PBXSourcesBuildPhase section */

/* Begin PBXTargetDependency section */
		D06E6E20255E894400FAD37C /* PBXTargetDependency */ = {
			isa = PBXTargetDependency;
			target = D06E6E07255E894300FAD37C /* RangeFinder_Swift */;
			targetProxy = D06E6E1F255E894400FAD37C /* PBXContainerItemProxy */;
		};
		D06E6E2B255E894400FAD37C /* PBXTargetDependency */ = {
			isa = PBXTargetDependency;
			target = D06E6E07255E894300FAD37C /* RangeFinder_Swift */;
			targetProxy = D06E6E2A255E894400FAD37C /* PBXContainerItemProxy */;
		};
/* End PBXTargetDependency section */

/* Begin PBXVariantGroup section */
		D06E6E11255E894300FAD37C /* Main.storyboard */ = {
			isa = PBXVariantGroup;
			children = (
				D06E6E12255E894300FAD37C /* Base */,
			);
			name = Main.storyboard;
			sourceTree = "<group>";
		};
		D06E6E16255E894400FAD37C /* LaunchScreen.storyboard */ = {
			isa = PBXVariantGroup;
			children = (
				D06E6E17255E894400FAD37C /* Base */,
			);
			name = LaunchScreen.storyboard;
			sourceTree = "<group>";
		};
/* End PBXVariantGroup section */

/* Begin XCBuildConfiguration section */
		D06E6E30255E894400FAD37C /* Debug */ = {
			isa = XCBuildConfiguration;
			buildSettings = {
				ALWAYS_SEARCH_USER_PATHS = NO;
				CLANG_ANALYZER_NONNULL = YES;
				CLANG_ANALYZER_NUMBER_OBJECT_CONVERSION = YES_AGGRESSIVE;
				CLANG_CXX_LANGUAGE_STANDARD = "gnu++14";
				CLANG_CXX_LIBRARY = "libc++";
				CLANG_ENABLE_MODULES = YES;
				CLANG_ENABLE_OBJC_ARC = YES;
				CLANG_ENABLE_OBJC_WEAK = YES;
				CLANG_WARN_BLOCK_CAPTURE_AUTORELEASING = YES;
				CLANG_WARN_BOOL_CONVERSION = YES;
				CLANG_WARN_COMMA = YES;
				CLANG_WARN_CONSTANT_CONVERSION = YES;
				CLANG_WARN_DEPRECATED_OBJC_IMPLEMENTATIONS = YES;
				CLANG_WARN_DIRECT_OBJC_ISA_USAGE = YES_ERROR;
				CLANG_WARN_DOCUMENTATION_COMMENTS = YES;
				CLANG_WARN_EMPTY_BODY = YES;
				CLANG_WARN_ENUM_CONVERSION = YES;
				CLANG_WARN_INFINITE_RECURSION = YES;
				CLANG_WARN_INT_CONVERSION = YES;
				CLANG_WARN_NON_LITERAL_NULL_CONVERSION = YES;
				CLANG_WARN_OBJC_IMPLICIT_RETAIN_SELF = YES;
				CLANG_WARN_OBJC_LITERAL_CONVERSION = YES;
				CLANG_WARN_OBJC_ROOT_CLASS = YES_ERROR;
				CLANG_WARN_QUOTED_INCLUDE_IN_FRAMEWORK_HEADER = YES;
				CLANG_WARN_RANGE_LOOP_ANALYSIS = YES;
				CLANG_WARN_STRICT_PROTOTYPES = YES;
				CLANG_WARN_SUSPICIOUS_MOVE = YES;
				CLANG_WARN_UNGUARDED_AVAILABILITY = YES_AGGRESSIVE;
				CLANG_WARN_UNREACHABLE_CODE = YES;
				CLANG_WARN__DUPLICATE_METHOD_MATCH = YES;
				COPY_PHASE_STRIP = NO;
				DEBUG_INFORMATION_FORMAT = dwarf;
				ENABLE_STRICT_OBJC_MSGSEND = YES;
				ENABLE_TESTABILITY = YES;
				GCC_C_LANGUAGE_STANDARD = gnu11;
				GCC_DYNAMIC_NO_PIC = NO;
				GCC_NO_COMMON_BLOCKS = YES;
				GCC_OPTIMIZATION_LEVEL = 0;
				GCC_PREPROCESSOR_DEFINITIONS = (
					"DEBUG=1",
					"$(inherited)",
				);
				GCC_WARN_64_TO_32_BIT_CONVERSION = YES;
				GCC_WARN_ABOUT_RETURN_TYPE = YES_ERROR;
				GCC_WARN_UNDECLARED_SELECTOR = YES;
				GCC_WARN_UNINITIALIZED_AUTOS = YES_AGGRESSIVE;
				GCC_WARN_UNUSED_FUNCTION = YES;
				GCC_WARN_UNUSED_VARIABLE = YES;
				IPHONEOS_DEPLOYMENT_TARGET = 14.1;
				MTL_ENABLE_DEBUG_INFO = INCLUDE_SOURCE;
				MTL_FAST_MATH = YES;
				ONLY_ACTIVE_ARCH = YES;
				SDKROOT = iphoneos;
				SWIFT_ACTIVE_COMPILATION_CONDITIONS = DEBUG;
				SWIFT_OPTIMIZATION_LEVEL = "-Onone";
			};
			name = Debug;
		};
		D06E6E31255E894400FAD37C /* Release */ = {
			isa = XCBuildConfiguration;
			buildSettings = {
				ALWAYS_SEARCH_USER_PATHS = NO;
				CLANG_ANALYZER_NONNULL = YES;
				CLANG_ANALYZER_NUMBER_OBJECT_CONVERSION = YES_AGGRESSIVE;
				CLANG_CXX_LANGUAGE_STANDARD = "gnu++14";
				CLANG_CXX_LIBRARY = "libc++";
				CLANG_ENABLE_MODULES = YES;
				CLANG_ENABLE_OBJC_ARC = YES;
				CLANG_ENABLE_OBJC_WEAK = YES;
				CLANG_WARN_BLOCK_CAPTURE_AUTORELEASING = YES;
				CLANG_WARN_BOOL_CONVERSION = YES;
				CLANG_WARN_COMMA = YES;
				CLANG_WARN_CONSTANT_CONVERSION = YES;
				CLANG_WARN_DEPRECATED_OBJC_IMPLEMENTATIONS = YES;
				CLANG_WARN_DIRECT_OBJC_ISA_USAGE = YES_ERROR;
				CLANG_WARN_DOCUMENTATION_COMMENTS = YES;
				CLANG_WARN_EMPTY_BODY = YES;
				CLANG_WARN_ENUM_CONVERSION = YES;
				CLANG_WARN_INFINITE_RECURSION = YES;
				CLANG_WARN_INT_CONVERSION = YES;
				CLANG_WARN_NON_LITERAL_NULL_CONVERSION = YES;
				CLANG_WARN_OBJC_IMPLICIT_RETAIN_SELF = YES;
				CLANG_WARN_OBJC_LITERAL_CONVERSION = YES;
				CLANG_WARN_OBJC_ROOT_CLASS = YES_ERROR;
				CLANG_WARN_QUOTED_INCLUDE_IN_FRAMEWORK_HEADER = YES;
				CLANG_WARN_RANGE_LOOP_ANALYSIS = YES;
				CLANG_WARN_STRICT_PROTOTYPES = YES;
				CLANG_WARN_SUSPICIOUS_MOVE = YES;
				CLANG_WARN_UNGUARDED_AVAILABILITY = YES_AGGRESSIVE;
				CLANG_WARN_UNREACHABLE_CODE = YES;
				CLANG_WARN__DUPLICATE_METHOD_MATCH = YES;
				COPY_PHASE_STRIP = NO;
				DEBUG_INFORMATION_FORMAT = "dwarf-with-dsym";
				ENABLE_NS_ASSERTIONS = NO;
				ENABLE_STRICT_OBJC_MSGSEND = YES;
				GCC_C_LANGUAGE_STANDARD = gnu11;
				GCC_NO_COMMON_BLOCKS = YES;
				GCC_WARN_64_TO_32_BIT_CONVERSION = YES;
				GCC_WARN_ABOUT_RETURN_TYPE = YES_ERROR;
				GCC_WARN_UNDECLARED_SELECTOR = YES;
				GCC_WARN_UNINITIALIZED_AUTOS = YES_AGGRESSIVE;
				GCC_WARN_UNUSED_FUNCTION = YES;
				GCC_WARN_UNUSED_VARIABLE = YES;
				IPHONEOS_DEPLOYMENT_TARGET = 14.1;
				MTL_ENABLE_DEBUG_INFO = NO;
				MTL_FAST_MATH = YES;
				SDKROOT = iphoneos;
				SWIFT_COMPILATION_MODE = wholemodule;
				SWIFT_OPTIMIZATION_LEVEL = "-O";
				VALIDATE_PRODUCT = YES;
			};
			name = Release;
		};
		D06E6E33255E894400FAD37C /* Debug */ = {
			isa = XCBuildConfiguration;
			buildSettings = {
				ASSETCATALOG_COMPILER_APPICON_NAME = AppIcon;
				ASSETCATALOG_COMPILER_GLOBAL_ACCENT_COLOR_NAME = AccentColor;
				CODE_SIGN_STYLE = Automatic;
				DEVELOPMENT_TEAM = FKF3T2BH4Z;
				INFOPLIST_FILE = RangeFinder_Swift/Info.plist;
				LD_RUNPATH_SEARCH_PATHS = (
					"$(inherited)",
					"@executable_path/Frameworks",
				);
				PRODUCT_BUNDLE_IDENTIFIER = "ChengduShawCompany.RangeFinder-Swift";
				PRODUCT_NAME = "$(TARGET_NAME)";
				SWIFT_VERSION = 5.0;
				TARGETED_DEVICE_FAMILY = "1,2";
			};
			name = Debug;
		};
		D06E6E34255E894400FAD37C /* Release */ = {
			isa = XCBuildConfiguration;
			buildSettings = {
				ASSETCATALOG_COMPILER_APPICON_NAME = AppIcon;
				ASSETCATALOG_COMPILER_GLOBAL_ACCENT_COLOR_NAME = AccentColor;
				CODE_SIGN_STYLE = Automatic;
				DEVELOPMENT_TEAM = FKF3T2BH4Z;
				INFOPLIST_FILE = RangeFinder_Swift/Info.plist;
				LD_RUNPATH_SEARCH_PATHS = (
					"$(inherited)",
					"@executable_path/Frameworks",
				);
				PRODUCT_BUNDLE_IDENTIFIER = "ChengduShawCompany.RangeFinder-Swift";
				PRODUCT_NAME = "$(TARGET_NAME)";
				SWIFT_VERSION = 5.0;
				TARGETED_DEVICE_FAMILY = "1,2";
			};
			name = Release;
		};
		D06E6E36255E894400FAD37C /* Debug */ = {
			isa = XCBuildConfiguration;
			buildSettings = {
				ALWAYS_EMBED_SWIFT_STANDARD_LIBRARIES = YES;
				BUNDLE_LOADER = "$(TEST_HOST)";
				CODE_SIGN_STYLE = Automatic;
				DEVELOPMENT_TEAM = FKF3T2BH4Z;
				INFOPLIST_FILE = RangeFinder_SwiftTests/Info.plist;
				IPHONEOS_DEPLOYMENT_TARGET = 14.1;
				LD_RUNPATH_SEARCH_PATHS = (
					"$(inherited)",
					"@executable_path/Frameworks",
					"@loader_path/Frameworks",
				);
				PRODUCT_BUNDLE_IDENTIFIER = "ChengduShawCompany.RangeFinder-SwiftTests";
				PRODUCT_NAME = "$(TARGET_NAME)";
				SWIFT_VERSION = 5.0;
				TARGETED_DEVICE_FAMILY = "1,2";
				TEST_HOST = "$(BUILT_PRODUCTS_DIR)/RangeFinder_Swift.app/RangeFinder_Swift";
			};
			name = Debug;
		};
		D06E6E37255E894400FAD37C /* Release */ = {
			isa = XCBuildConfiguration;
			buildSettings = {
				ALWAYS_EMBED_SWIFT_STANDARD_LIBRARIES = YES;
				BUNDLE_LOADER = "$(TEST_HOST)";
				CODE_SIGN_STYLE = Automatic;
				DEVELOPMENT_TEAM = FKF3T2BH4Z;
				INFOPLIST_FILE = RangeFinder_SwiftTests/Info.plist;
				IPHONEOS_DEPLOYMENT_TARGET = 14.1;
				LD_RUNPATH_SEARCH_PATHS = (
					"$(inherited)",
					"@executable_path/Frameworks",
					"@loader_path/Frameworks",
				);
				PRODUCT_BUNDLE_IDENTIFIER = "ChengduShawCompany.RangeFinder-SwiftTests";
				PRODUCT_NAME = "$(TARGET_NAME)";
				SWIFT_VERSION = 5.0;
				TARGETED_DEVICE_FAMILY = "1,2";
				TEST_HOST = "$(BUILT_PRODUCTS_DIR)/RangeFinder_Swift.app/RangeFinder_Swift";
			};
			name = Release;
		};
		D06E6E39255E894400FAD37C /* Debug */ = {
			isa = XCBuildConfiguration;
			buildSettings = {
				ALWAYS_EMBED_SWIFT_STANDARD_LIBRARIES = YES;
				CODE_SIGN_STYLE = Automatic;
				DEVELOPMENT_TEAM = FKF3T2BH4Z;
				INFOPLIST_FILE = RangeFinder_SwiftUITests/Info.plist;
				LD_RUNPATH_SEARCH_PATHS = (
					"$(inherited)",
					"@executable_path/Frameworks",
					"@loader_path/Frameworks",
				);
				PRODUCT_BUNDLE_IDENTIFIER = "ChengduShawCompany.RangeFinder-SwiftUITests";
				PRODUCT_NAME = "$(TARGET_NAME)";
				SWIFT_VERSION = 5.0;
				TARGETED_DEVICE_FAMILY = "1,2";
				TEST_TARGET_NAME = RangeFinder_Swift;
			};
			name = Debug;
		};
		D06E6E3A255E894400FAD37C /* Release */ = {
			isa = XCBuildConfiguration;
			buildSettings = {
				ALWAYS_EMBED_SWIFT_STANDARD_LIBRARIES = YES;
				CODE_SIGN_STYLE = Automatic;
				DEVELOPMENT_TEAM = FKF3T2BH4Z;
				INFOPLIST_FILE = RangeFinder_SwiftUITests/Info.plist;
				LD_RUNPATH_SEARCH_PATHS = (
					"$(inherited)",
					"@executable_path/Frameworks",
					"@loader_path/Frameworks",
				);
				PRODUCT_BUNDLE_IDENTIFIER = "ChengduShawCompany.RangeFinder-SwiftUITests";
				PRODUCT_NAME = "$(TARGET_NAME)";
				SWIFT_VERSION = 5.0;
				TARGETED_DEVICE_FAMILY = "1,2";
				TEST_TARGET_NAME = RangeFinder_Swift;
			};
			name = Release;
		};
/* End XCBuildConfiguration section */

/* Begin XCConfigurationList section */
		D06E6E03255E894300FAD37C /* Build configuration list for PBXProject "RangeFinder_Swift" */ = {
			isa = XCConfigurationList;
			buildConfigurations = (
				D06E6E30255E894400FAD37C /* Debug */,
				D06E6E31255E894400FAD37C /* Release */,
			);
			defaultConfigurationIsVisible = 0;
			defaultConfigurationName = Release;
		};
		D06E6E32255E894400FAD37C /* Build configuration list for PBXNativeTarget "RangeFinder_Swift" */ = {
			isa = XCConfigurationList;
			buildConfigurations = (
				D06E6E33255E894400FAD37C /* Debug */,
				D06E6E34255E894400FAD37C /* Release */,
			);
			defaultConfigurationIsVisible = 0;
			defaultConfigurationName = Release;
		};
		D06E6E35255E894400FAD37C /* Build configuration list for PBXNativeTarget "RangeFinder_SwiftTests" */ = {
			isa = XCConfigurationList;
			buildConfigurations = (
				D06E6E36255E894400FAD37C /* Debug */,
				D06E6E37255E894400FAD37C /* Release */,
			);
			defaultConfigurationIsVisible = 0;
			defaultConfigurationName = Release;
		};
		D06E6E38255E894400FAD37C /* Build configuration list for PBXNativeTarget "RangeFinder_SwiftUITests" */ = {
			isa = XCConfigurationList;
			buildConfigurations = (
				D06E6E39255E894400FAD37C /* Debug */,
				D06E6E3A255E894400FAD37C /* Release */,
			);
			defaultConfigurationIsVisible = 0;
			defaultConfigurationName = Release;
		};
/* End XCConfigurationList section */
	};
	rootObject = D06E6E00255E894300FAD37C /* Project object */;
}
